// !$*UTF8*$!
{
	archiveVersion = 1;
	classes = {
	};
	objectVersion = 51;
	objects = {

/* Begin PBXBuildFile section */
		A0C6AA0426691DD100D2621B /* AppDelegate.swift in Sources */ = {isa = PBXBuildFile; fileRef = A0C6AA0326691DD100D2621B /* AppDelegate.swift */; };
		A0C6AA0626691DD100D2621B /* SceneDelegate.swift in Sources */ = {isa = PBXBuildFile; fileRef = A0C6AA0526691DD100D2621B /* SceneDelegate.swift */; };
		A0C6AA0D26691DD200D2621B /* Assets.xcassets in Resources */ = {isa = PBXBuildFile; fileRef = A0C6AA0C26691DD200D2621B /* Assets.xcassets */; };
		A0C6AA1026691DD200D2621B /* LaunchScreen.storyboard in Resources */ = {isa = PBXBuildFile; fileRef = A0C6AA0E26691DD200D2621B /* LaunchScreen.storyboard */; };
		A0C6AA1926691DEE00D2621B /* SplashViewController.swift in Sources */ = {isa = PBXBuildFile; fileRef = A0C6AA1826691DEE00D2621B /* SplashViewController.swift */; };
		A0C6AA2D266920A800D2621B /* GoogleService-Info.plist in Resources */ = {isa = PBXBuildFile; fileRef = A0C6AA2C266920A800D2621B /* GoogleService-Info.plist */; };
		A0C6AA432669237D00D2621B /* RemoteConfigDefaults.plist in Resources */ = {isa = PBXBuildFile; fileRef = A0C6AA422669237D00D2621B /* RemoteConfigDefaults.plist */; };
		A0C6AA46266924F000D2621B /* Constants.swift in Sources */ = {isa = PBXBuildFile; fileRef = A0C6AA45266924F000D2621B /* Constants.swift */; };
		A0C6AA492669268B00D2621B /* UIViewControllerExtensions.swift in Sources */ = {isa = PBXBuildFile; fileRef = A0C6AA482669268B00D2621B /* UIViewControllerExtensions.swift */; };
		A0C6AA74266929C600D2621B /* NetworkChecker.swift in Sources */ = {isa = PBXBuildFile; fileRef = A0C6AA73266929C600D2621B /* NetworkChecker.swift */; };
		A0C6AA7A2669369500D2621B /* MainViewController.swift in Sources */ = {isa = PBXBuildFile; fileRef = A0C6AA792669369500D2621B /* MainViewController.swift */; };
		A0C6AA8026693F6100D2621B /* MovieTableViewCell.swift in Sources */ = {isa = PBXBuildFile; fileRef = A0C6AA7F26693F6000D2621B /* MovieTableViewCell.swift */; };
		A0C6AA8326693F8B00D2621B /* Movie.swift in Sources */ = {isa = PBXBuildFile; fileRef = A0C6AA8226693F8B00D2621B /* Movie.swift */; };
		A0C6AA9F2669516200D2621B /* MovieDetailViewController.swift in Sources */ = {isa = PBXBuildFile; fileRef = A0C6AA9E2669516200D2621B /* MovieDetailViewController.swift */; };
		F4D9054EEAC0FE03C9F2901C /* Pods_LoodosChallenge.framework in Frameworks */ = {isa = PBXBuildFile; fileRef = 50EBB604FFCA52787712638E /* Pods_LoodosChallenge.framework */; };
/* End PBXBuildFile section */

/* Begin PBXFileReference section */
		50EBB604FFCA52787712638E /* Pods_LoodosChallenge.framework */ = {isa = PBXFileReference; explicitFileType = wrapper.framework; includeInIndex = 0; path = Pods_LoodosChallenge.framework; sourceTree = BUILT_PRODUCTS_DIR; };
		6F4C9818759DBEE28143F6EF /* Pods-LoodosChallenge.debug.xcconfig */ = {isa = PBXFileReference; includeInIndex = 1; lastKnownFileType = text.xcconfig; name = "Pods-LoodosChallenge.debug.xcconfig"; path = "Target Support Files/Pods-LoodosChallenge/Pods-LoodosChallenge.debug.xcconfig"; sourceTree = "<group>"; };
		A0C6AA0026691DD100D2621B /* LoodosChallenge.app */ = {isa = PBXFileReference; explicitFileType = wrapper.application; includeInIndex = 0; path = LoodosChallenge.app; sourceTree = BUILT_PRODUCTS_DIR; };
		A0C6AA0326691DD100D2621B /* AppDelegate.swift */ = {isa = PBXFileReference; lastKnownFileType = sourcecode.swift; path = AppDelegate.swift; sourceTree = "<group>"; };
		A0C6AA0526691DD100D2621B /* SceneDelegate.swift */ = {isa = PBXFileReference; lastKnownFileType = sourcecode.swift; path = SceneDelegate.swift; sourceTree = "<group>"; };
		A0C6AA0C26691DD200D2621B /* Assets.xcassets */ = {isa = PBXFileReference; lastKnownFileType = folder.assetcatalog; path = Assets.xcassets; sourceTree = "<group>"; };
		A0C6AA0F26691DD200D2621B /* Base */ = {isa = PBXFileReference; lastKnownFileType = file.storyboard; name = Base; path = Base.lproj/LaunchScreen.storyboard; sourceTree = "<group>"; };
		A0C6AA1126691DD200D2621B /* Info.plist */ = {isa = PBXFileReference; lastKnownFileType = text.plist.xml; path = Info.plist; sourceTree = "<group>"; };
		A0C6AA1826691DEE00D2621B /* SplashViewController.swift */ = {isa = PBXFileReference; lastKnownFileType = sourcecode.swift; path = SplashViewController.swift; sourceTree = "<group>"; };
		A0C6AA2C266920A800D2621B /* GoogleService-Info.plist */ = {isa = PBXFileReference; fileEncoding = 4; lastKnownFileType = text.plist.xml; path = "GoogleService-Info.plist"; sourceTree = "<group>"; };
		A0C6AA422669237D00D2621B /* RemoteConfigDefaults.plist */ = {isa = PBXFileReference; lastKnownFileType = text.plist.xml; path = RemoteConfigDefaults.plist; sourceTree = "<group>"; };
		A0C6AA45266924F000D2621B /* Constants.swift */ = {isa = PBXFileReference; lastKnownFileType = sourcecode.swift; path = Constants.swift; sourceTree = "<group>"; };
		A0C6AA482669268B00D2621B /* UIViewControllerExtensions.swift */ = {isa = PBXFileReference; lastKnownFileType = sourcecode.swift; path = UIViewControllerExtensions.swift; sourceTree = "<group>"; };
		A0C6AA73266929C600D2621B /* NetworkChecker.swift */ = {isa = PBXFileReference; lastKnownFileType = sourcecode.swift; path = NetworkChecker.swift; sourceTree = "<group>"; };
		A0C6AA792669369500D2621B /* MainViewController.swift */ = {isa = PBXFileReference; lastKnownFileType = sourcecode.swift; path = MainViewController.swift; sourceTree = "<group>"; };
		A0C6AA7F26693F6000D2621B /* MovieTableViewCell.swift */ = {isa = PBXFileReference; lastKnownFileType = sourcecode.swift; path = MovieTableViewCell.swift; sourceTree = "<group>"; };
		A0C6AA8226693F8B00D2621B /* Movie.swift */ = {isa = PBXFileReference; lastKnownFileType = sourcecode.swift; path = Movie.swift; sourceTree = "<group>"; };
		A0C6AA9E2669516200D2621B /* MovieDetailViewController.swift */ = {isa = PBXFileReference; lastKnownFileType = sourcecode.swift; path = MovieDetailViewController.swift; sourceTree = "<group>"; };
		B7717D6472F69D74624BFE0C /* Pods-LoodosChallenge.release.xcconfig */ = {isa = PBXFileReference; includeInIndex = 1; lastKnownFileType = text.xcconfig; name = "Pods-LoodosChallenge.release.xcconfig"; path = "Target Support Files/Pods-LoodosChallenge/Pods-LoodosChallenge.release.xcconfig"; sourceTree = "<group>"; };
/* End PBXFileReference section */

/* Begin PBXFrameworksBuildPhase section */
		A0C6A9FD26691DD100D2621B /* Frameworks */ = {
			isa = PBXFrameworksBuildPhase;
			buildActionMask = 2147483647;
			files = (
				F4D9054EEAC0FE03C9F2901C /* Pods_LoodosChallenge.framework in Frameworks */,
			);
			runOnlyForDeploymentPostprocessing = 0;
		};
/* End PBXFrameworksBuildPhase section */

/* Begin PBXGroup section */
		2CE2284F4239A3FEF427D736 /* Pods */ = {
			isa = PBXGroup;
			children = (
				6F4C9818759DBEE28143F6EF /* Pods-LoodosChallenge.debug.xcconfig */,
				B7717D6472F69D74624BFE0C /* Pods-LoodosChallenge.release.xcconfig */,
			);
			path = Pods;
			sourceTree = "<group>";
		};
		5DC4735CCB77038C87AE4CFC /* Frameworks */ = {
			isa = PBXGroup;
			children = (
				50EBB604FFCA52787712638E /* Pods_LoodosChallenge.framework */,
			);
			name = Frameworks;
			sourceTree = "<group>";
		};
		A0C6A9F726691DD100D2621B = {
			isa = PBXGroup;
			children = (
				A0C6AA0226691DD100D2621B /* LoodosChallenge */,
				A0C6AA0126691DD100D2621B /* Products */,
				2CE2284F4239A3FEF427D736 /* Pods */,
				5DC4735CCB77038C87AE4CFC /* Frameworks */,
			);
			sourceTree = "<group>";
		};
		A0C6AA0126691DD100D2621B /* Products */ = {
			isa = PBXGroup;
			children = (
				A0C6AA0026691DD100D2621B /* LoodosChallenge.app */,
			);
			name = Products;
			sourceTree = "<group>";
		};
		A0C6AA0226691DD100D2621B /* LoodosChallenge */ = {
			isa = PBXGroup;
			children = (
				A0C6AA2C266920A800D2621B /* GoogleService-Info.plist */,
				A0C6AA0326691DD100D2621B /* AppDelegate.swift */,
				A0C6AA0526691DD100D2621B /* SceneDelegate.swift */,
				A0C6AA0C26691DD200D2621B /* Assets.xcassets */,
				A0C6AA0E26691DD200D2621B /* LaunchScreen.storyboard */,
				A0C6AA1126691DD200D2621B /* Info.plist */,
				A0C6AA1826691DEE00D2621B /* SplashViewController.swift */,
				A0C6AA422669237D00D2621B /* RemoteConfigDefaults.plist */,
				A0C6AA45266924F000D2621B /* Constants.swift */,
				A0C6AA482669268B00D2621B /* UIViewControllerExtensions.swift */,
				A0C6AA73266929C600D2621B /* NetworkChecker.swift */,
				A0C6AA792669369500D2621B /* MainViewController.swift */,
				A0C6AA7F26693F6000D2621B /* MovieTableViewCell.swift */,
				A0C6AA8226693F8B00D2621B /* Movie.swift */,
				A0C6AA9E2669516200D2621B /* MovieDetailViewController.swift */,
			);
			path = LoodosChallenge;
			sourceTree = "<group>";
		};
/* End PBXGroup section */

/* Begin PBXNativeTarget section */
		A0C6A9FF26691DD100D2621B /* LoodosChallenge */ = {
			isa = PBXNativeTarget;
			buildConfigurationList = A0C6AA1426691DD200D2621B /* Build configuration list for PBXNativeTarget "LoodosChallenge" */;
			buildPhases = (
				2C1230914FE26F29055117BA /* [CP] Check Pods Manifest.lock */,
				A0C6A9FC26691DD100D2621B /* Sources */,
				A0C6A9FD26691DD100D2621B /* Frameworks */,
				A0C6A9FE26691DD100D2621B /* Resources */,
				459EE67D941B47BA5EED1D65 /* [CP] Embed Pods Frameworks */,
			);
			buildRules = (
			);
			dependencies = (
			);
			name = LoodosChallenge;
			productName = LoodosChallenge;
			productReference = A0C6AA0026691DD100D2621B /* LoodosChallenge.app */;
			productType = "com.apple.product-type.application";
		};
/* End PBXNativeTarget section */

/* Begin PBXProject section */
		A0C6A9F826691DD100D2621B /* Project object */ = {
			isa = PBXProject;
			attributes = {
				LastSwiftUpdateCheck = 1210;
				LastUpgradeCheck = 1210;
				TargetAttributes = {
					A0C6A9FF26691DD100D2621B = {
						CreatedOnToolsVersion = 12.1;
					};
				};
			};
			buildConfigurationList = A0C6A9FB26691DD100D2621B /* Build configuration list for PBXProject "LoodosChallenge" */;
			compatibilityVersion = "Xcode 9.3";
			developmentRegion = en;
			hasScannedForEncodings = 0;
			knownRegions = (
				en,
				Base,
			);
			mainGroup = A0C6A9F726691DD100D2621B;
			productRefGroup = A0C6AA0126691DD100D2621B /* Products */;
			projectDirPath = "";
			projectRoot = "";
			targets = (
				A0C6A9FF26691DD100D2621B /* LoodosChallenge */,
			);
		};
/* End PBXProject section */

/* Begin PBXResourcesBuildPhase section */
		A0C6A9FE26691DD100D2621B /* Resources */ = {
			isa = PBXResourcesBuildPhase;
			buildActionMask = 2147483647;
			files = (
				A0C6AA1026691DD200D2621B /* LaunchScreen.storyboard in Resources */,
				A0C6AA432669237D00D2621B /* RemoteConfigDefaults.plist in Resources */,
				A0C6AA2D266920A800D2621B /* GoogleService-Info.plist in Resources */,
				A0C6AA0D26691DD200D2621B /* Assets.xcassets in Resources */,
			);
			runOnlyForDeploymentPostprocessing = 0;
		};
/* End PBXResourcesBuildPhase section */

/* Begin PBXShellScriptBuildPhase section */
		2C1230914FE26F29055117BA /* [CP] Check Pods Manifest.lock */ = {
			isa = PBXShellScriptBuildPhase;
			buildActionMask = 2147483647;
			files = (
			);
			inputFileListPaths = (
			);
			inputPaths = (
				"${PODS_PODFILE_DIR_PATH}/Podfile.lock",
				"${PODS_ROOT}/Manifest.lock",
			);
			name = "[CP] Check Pods Manifest.lock";
			outputFileListPaths = (
			);
			outputPaths = (
				"$(DERIVED_FILE_DIR)/Pods-LoodosChallenge-checkManifestLockResult.txt",
			);
			runOnlyForDeploymentPostprocessing = 0;
			shellPath = /bin/sh;
			shellScript = "diff \"${PODS_PODFILE_DIR_PATH}/Podfile.lock\" \"${PODS_ROOT}/Manifest.lock\" > /dev/null\nif [ $? != 0 ] ; then\n    # print error to STDERR\n    echo \"error: The sandbox is not in sync with the Podfile.lock. Run 'pod install' or update your CocoaPods installation.\" >&2\n    exit 1\nfi\n# This output is used by Xcode 'outputs' to avoid re-running this script phase.\necho \"SUCCESS\" > \"${SCRIPT_OUTPUT_FILE_0}\"\n";
			showEnvVarsInLog = 0;
		};
		459EE67D941B47BA5EED1D65 /* [CP] Embed Pods Frameworks */ = {
			isa = PBXShellScriptBuildPhase;
			buildActionMask = 2147483647;
			files = (
			);
			inputFileListPaths = (
				"${PODS_ROOT}/Target Support Files/Pods-LoodosChallenge/Pods-LoodosChallenge-frameworks-${CONFIGURATION}-input-files.xcfilelist",
			);
			name = "[CP] Embed Pods Frameworks";
			outputFileListPaths = (
				"${PODS_ROOT}/Target Support Files/Pods-LoodosChallenge/Pods-LoodosChallenge-frameworks-${CONFIGURATION}-output-files.xcfilelist",
			);
			runOnlyForDeploymentPostprocessing = 0;
			shellPath = /bin/sh;
			shellScript = "\"${PODS_ROOT}/Target Support Files/Pods-LoodosChallenge/Pods-LoodosChallenge-frameworks.sh\"\n";
			showEnvVarsInLog = 0;
		};
/* End PBXShellScriptBuildPhase section */

/* Begin PBXSourcesBuildPhase section */
		A0C6A9FC26691DD100D2621B /* Sources */ = {
			isa = PBXSourcesBuildPhase;
			buildActionMask = 2147483647;
			files = (
				A0C6AA46266924F000D2621B /* Constants.swift in Sources */,
				A0C6AA8326693F8B00D2621B /* Movie.swift in Sources */,
				A0C6AA0426691DD100D2621B /* AppDelegate.swift in Sources */,
				A0C6AA9F2669516200D2621B /* MovieDetailViewController.swift in Sources */,
				A0C6AA0626691DD100D2621B /* SceneDelegate.swift in Sources */,
				A0C6AA74266929C600D2621B /* NetworkChecker.swift in Sources */,
				A0C6AA492669268B00D2621B /* UIViewControllerExtensions.swift in Sources */,
				A0C6AA7A2669369500D2621B /* MainViewController.swift in Sources */,
				A0C6AA1926691DEE00D2621B /* SplashViewController.swift in Sources */,
				A0C6AA8026693F6100D2621B /* MovieTableViewCell.swift in Sources */,
			);
			runOnlyForDeploymentPostprocessing = 0;
		};
/* End PBXSourcesBuildPhase section */

/* Begin PBXVariantGroup section */
		A0C6AA0E26691DD200D2621B /* LaunchScreen.storyboard */ = {
			isa = PBXVariantGroup;
			children = (
				A0C6AA0F26691DD200D2621B /* Base */,
			);
			name = LaunchScreen.storyboard;
			sourceTree = "<group>";
		};
/* End PBXVariantGroup section */

/* Begin XCBuildConfiguration section */
		A0C6AA1226691DD200D2621B /* Debug */ = {
			isa = XCBuildConfiguration;
			buildSettings = {
				ALWAYS_SEARCH_USER_PATHS = NO;
				CLANG_ANALYZER_NONNULL = YES;
				CLANG_ANALYZER_NUMBER_OBJECT_CONVERSION = YES_AGGRESSIVE;
				CLANG_CXX_LANGUAGE_STANDARD = "gnu++14";
				CLANG_CXX_LIBRARY = "libc++";
				CLANG_ENABLE_MODULES = YES;
				CLANG_ENABLE_OBJC_ARC = YES;
				CLANG_ENABLE_OBJC_WEAK = YES;
				CLANG_WARN_BLOCK_CAPTURE_AUTORELEASING = YES;
				CLANG_WARN_BOOL_CONVERSION = YES;
				CLANG_WARN_COMMA = YES;
				CLANG_WARN_CONSTANT_CONVERSION = YES;
				CLANG_WARN_DEPRECATED_OBJC_IMPLEMENTATIONS = YES;
				CLANG_WARN_DIRECT_OBJC_ISA_USAGE = YES_ERROR;
				CLANG_WARN_DOCUMENTATION_COMMENTS = YES;
				CLANG_WARN_EMPTY_BODY = YES;
				CLANG_WARN_ENUM_CONVERSION = YES;
				CLANG_WARN_INFINITE_RECURSION = YES;
				CLANG_WARN_INT_CONVERSION = YES;
				CLANG_WARN_NON_LITERAL_NULL_CONVERSION = YES;
				CLANG_WARN_OBJC_IMPLICIT_RETAIN_SELF = YES;
				CLANG_WARN_OBJC_LITERAL_CONVERSION = YES;
				CLANG_WARN_OBJC_ROOT_CLASS = YES_ERROR;
				CLANG_WARN_QUOTED_INCLUDE_IN_FRAMEWORK_HEADER = YES;
				CLANG_WARN_RANGE_LOOP_ANALYSIS = YES;
				CLANG_WARN_STRICT_PROTOTYPES = YES;
				CLANG_WARN_SUSPICIOUS_MOVE = YES;
				CLANG_WARN_UNGUARDED_AVAILABILITY = YES_AGGRESSIVE;
				CLANG_WARN_UNREACHABLE_CODE = YES;
				CLANG_WARN__DUPLICATE_METHOD_MATCH = YES;
				COPY_PHASE_STRIP = NO;
				DEBUG_INFORMATION_FORMAT = dwarf;
				ENABLE_STRICT_OBJC_MSGSEND = YES;
				ENABLE_TESTABILITY = YES;
				GCC_C_LANGUAGE_STANDARD = gnu11;
				GCC_DYNAMIC_NO_PIC = NO;
				GCC_NO_COMMON_BLOCKS = YES;
				GCC_OPTIMIZATION_LEVEL = 0;
				GCC_PREPROCESSOR_DEFINITIONS = (
					"DEBUG=1",
					"$(inherited)",
				);
				GCC_WARN_64_TO_32_BIT_CONVERSION = YES;
				GCC_WARN_ABOUT_RETURN_TYPE = YES_ERROR;
				GCC_WARN_UNDECLARED_SELECTOR = YES;
				GCC_WARN_UNINITIALIZED_AUTOS = YES_AGGRESSIVE;
				GCC_WARN_UNUSED_FUNCTION = YES;
				GCC_WARN_UNUSED_VARIABLE = YES;
				IPHONEOS_DEPLOYMENT_TARGET = 14.1;
				MTL_ENABLE_DEBUG_INFO = INCLUDE_SOURCE;
				MTL_FAST_MATH = YES;
				ONLY_ACTIVE_ARCH = YES;
				SDKROOT = iphoneos;
				SWIFT_ACTIVE_COMPILATION_CONDITIONS = DEBUG;
				SWIFT_OPTIMIZATION_LEVEL = "-Onone";
			};
			name = Debug;
		};
		A0C6AA1326691DD200D2621B /* Release */ = {
			isa = XCBuildConfiguration;
			buildSettings = {
				ALWAYS_SEARCH_USER_PATHS = NO;
				CLANG_ANALYZER_NONNULL = YES;
				CLANG_ANALYZER_NUMBER_OBJECT_CONVERSION = YES_AGGRESSIVE;
				CLANG_CXX_LANGUAGE_STANDARD = "gnu++14";
				CLANG_CXX_LIBRARY = "libc++";
				CLANG_ENABLE_MODULES = YES;
				CLANG_ENABLE_OBJC_ARC = YES;
				CLANG_ENABLE_OBJC_WEAK = YES;
				CLANG_WARN_BLOCK_CAPTURE_AUTORELEASING = YES;
				CLANG_WARN_BOOL_CONVERSION = YES;
				CLANG_WARN_COMMA = YES;
				CLANG_WARN_CONSTANT_CONVERSION = YES;
				CLANG_WARN_DEPRECATED_OBJC_IMPLEMENTATIONS = YES;
				CLANG_WARN_DIRECT_OBJC_ISA_USAGE = YES_ERROR;
				CLANG_WARN_DOCUMENTATION_COMMENTS = YES;
				CLANG_WARN_EMPTY_BODY = YES;
				CLANG_WARN_ENUM_CONVERSION = YES;
				CLANG_WARN_INFINITE_RECURSION = YES;
				CLANG_WARN_INT_CONVERSION = YES;
				CLANG_WARN_NON_LITERAL_NULL_CONVERSION = YES;
				CLANG_WARN_OBJC_IMPLICIT_RETAIN_SELF = YES;
				CLANG_WARN_OBJC_LITERAL_CONVERSION = YES;
				CLANG_WARN_OBJC_ROOT_CLASS = YES_ERROR;
				CLANG_WARN_QUOTED_INCLUDE_IN_FRAMEWORK_HEADER = YES;
				CLANG_WARN_RANGE_LOOP_ANALYSIS = YES;
				CLANG_WARN_STRICT_PROTOTYPES = YES;
				CLANG_WARN_SUSPICIOUS_MOVE = YES;
				CLANG_WARN_UNGUARDED_AVAILABILITY = YES_AGGRESSIVE;
				CLANG_WARN_UNREACHABLE_CODE = YES;
				CLANG_WARN__DUPLICATE_METHOD_MATCH = YES;
				COPY_PHASE_STRIP = NO;
				DEBUG_INFORMATION_FORMAT = "dwarf-with-dsym";
				ENABLE_NS_ASSERTIONS = NO;
				ENABLE_STRICT_OBJC_MSGSEND = YES;
				GCC_C_LANGUAGE_STANDARD = gnu11;
				GCC_NO_COMMON_BLOCKS = YES;
				GCC_WARN_64_TO_32_BIT_CONVERSION = YES;
				GCC_WARN_ABOUT_RETURN_TYPE = YES_ERROR;
				GCC_WARN_UNDECLARED_SELECTOR = YES;
				GCC_WARN_UNINITIALIZED_AUTOS = YES_AGGRESSIVE;
				GCC_WARN_UNUSED_FUNCTION = YES;
				GCC_WARN_UNUSED_VARIABLE = YES;
				IPHONEOS_DEPLOYMENT_TARGET = 14.1;
				MTL_ENABLE_DEBUG_INFO = NO;
				MTL_FAST_MATH = YES;
				SDKROOT = iphoneos;
				SWIFT_COMPILATION_MODE = wholemodule;
				SWIFT_OPTIMIZATION_LEVEL = "-O";
				VALIDATE_PRODUCT = YES;
			};
			name = Release;
		};
		A0C6AA1526691DD200D2621B /* Debug */ = {
			isa = XCBuildConfiguration;
			baseConfigurationReference = 6F4C9818759DBEE28143F6EF /* Pods-LoodosChallenge.debug.xcconfig */;
			buildSettings = {
				ASSETCATALOG_COMPILER_APPICON_NAME = AppIcon;
				ASSETCATALOG_COMPILER_GLOBAL_ACCENT_COLOR_NAME = AccentColor;
				CODE_SIGN_STYLE = Automatic;
				DEVELOPMENT_TEAM = 75CC7N2RXB;
				INFOPLIST_FILE = LoodosChallenge/Info.plist;
				LD_RUNPATH_SEARCH_PATHS = (
					"$(inherited)",
					"@executable_path/Frameworks",
				);
				PRODUCT_BUNDLE_IDENTIFIER = com.kursatbakis.LoodosChallenge;
				PRODUCT_NAME = "$(TARGET_NAME)";
				SWIFT_VERSION = 5.0;
				TARGETED_DEVICE_FAMILY = "1,2";
			};
			name = Debug;
		};
		A0C6AA1626691DD200D2621B /* Release */ = {
			isa = XCBuildConfiguration;
			baseConfigurationReference = B7717D6472F69D74624BFE0C /* Pods-LoodosChallenge.release.xcconfig */;
			buildSettings = {
				ASSETCATALOG_COMPILER_APPICON_NAME = AppIcon;
				ASSETCATALOG_COMPILER_GLOBAL_ACCENT_COLOR_NAME = AccentColor;
				CODE_SIGN_STYLE = Automatic;
				DEVELOPMENT_TEAM = 75CC7N2RXB;
				INFOPLIST_FILE = LoodosChallenge/Info.plist;
				LD_RUNPATH_SEARCH_PATHS = (
					"$(inherited)",
					"@executable_path/Frameworks",
				);
				PRODUCT_BUNDLE_IDENTIFIER = com.kursatbakis.LoodosChallenge;
				PRODUCT_NAME = "$(TARGET_NAME)";
				SWIFT_VERSION = 5.0;
				TARGETED_DEVICE_FAMILY = "1,2";
			};
			name = Release;
		};
/* End XCBuildConfiguration section */

/* Begin XCConfigurationList section */
		A0C6A9FB26691DD100D2621B /* Build configuration list for PBXProject "LoodosChallenge" */ = {
			isa = XCConfigurationList;
			buildConfigurations = (
				A0C6AA1226691DD200D2621B /* Debug */,
				A0C6AA1326691DD200D2621B /* Release */,
			);
			defaultConfigurationIsVisible = 0;
			defaultConfigurationName = Release;
		};
		A0C6AA1426691DD200D2621B /* Build configuration list for PBXNativeTarget "LoodosChallenge" */ = {
			isa = XCConfigurationList;
			buildConfigurations = (
				A0C6AA1526691DD200D2621B /* Debug */,
				A0C6AA1626691DD200D2621B /* Release */,
			);
			defaultConfigurationIsVisible = 0;
			defaultConfigurationName = Release;
		};
/* End XCConfigurationList section */
	};
	rootObject = A0C6A9F826691DD100D2621B /* Project object */;
}
